
Microsoft Visual Studio Solution File, Format Version 12.00
# Visual Studio 15
VisualStudioVersion = 15.0.28307.645
MinimumVisualStudioVersion = 10.0.40219.1
Project("{8BC9CEB8-8B4A-11D0-8D11-00A0C91BC942}") = "Wsn.Routing", "Wsn.Routing\Wsn.Routing.vcxproj", "{236C1570-10EC-4B7A-A41E-B2DBDACFBA67}"
EndProject
Global
	GlobalSection(SolutionConfigurationPlatforms) = preSolution
		Debug|x64 = Debug|x64
		Debug|x86 = Debug|x86
		Release|x64 = Release|x64
		Release|x86 = Release|x86
	EndGlobalSection
	GlobalSection(ProjectConfigurationPlatforms) = postSolution
		{236C1570-10EC-4B7A-A41E-B2DBDACFBA67}.Debug|x64.ActiveCfg = Debug|x64
		{236C1570-10EC-4B7A-A41E-B2DBDACFBA67}.Debug|x64.Build.0 = Debug|x64
		{236C1570-10EC-4B7A-A41E-B2DBDACFBA67}.Debug|x86.ActiveCfg = Debug|Win32
		{236C1570-10EC-4B7A-A41E-B2DBDACFBA67}.Debug|x86.Build.0 = Debug|Win32
		{236C1570-10EC-4B7A-A41E-B2DBDACFBA67}.Release|x64.ActiveCfg = Release|x64
		{236C1570-10EC-4B7A-A41E-B2DBDACFBA67}.Release|x64.Build.0 = Release|x64
		{236C1570-10EC-4B7A-A41E-B2DBDACFBA67}.Release|x86.ActiveCfg = Release|Win32
		{236C1570-10EC-4B7A-A41E-B2DBDACFBA67}.Release|x86.Build.0 = Release|Win32
	EndGlobalSection
	GlobalSection(SolutionProperties) = preSolution
		HideSolutionNode = FALSE
	EndGlobalSection
	GlobalSection(ExtensibilityGlobals) = postSolution
		SolutionGuid = {782522EE-FD24-484A-AE98-2430325228F8}
	EndGlobalSection
EndGlobal
